// !$*UTF8*$!
{
	archiveVersion = 1;
	classes = {
	};
	objectVersion = 48;
	objects = {

/* Begin PBXBuildFile section */
		7EEC703B207C859500DA4EA4 /* registerViewController.swift in Sources */ = {isa = PBXBuildFile; fileRef = 7EEC703A207C859500DA4EA4 /* registerViewController.swift */; };
		7EEC707B207C957100DA4EA4 /* Group11Alpha.xcdatamodeld in Sources */ = {isa = PBXBuildFile; fileRef = 7EEC7079207C957100DA4EA4 /* Group11Alpha.xcdatamodeld */; };
		813B85F6207C7C6E00FB8947 /* Config.swift in Sources */ = {isa = PBXBuildFile; fileRef = 813B85F5207C7C6E00FB8947 /* Config.swift */; };
		EFCD78192062F1DD00903A5F /* AppDelegate.swift in Sources */ = {isa = PBXBuildFile; fileRef = EFCD78182062F1DD00903A5F /* AppDelegate.swift */; };
		EFCD781B2062F1DD00903A5F /* ViewController.swift in Sources */ = {isa = PBXBuildFile; fileRef = EFCD781A2062F1DD00903A5F /* ViewController.swift */; };
		EFCD781E2062F1DD00903A5F /* Main.storyboard in Resources */ = {isa = PBXBuildFile; fileRef = EFCD781C2062F1DD00903A5F /* Main.storyboard */; };
		EFCD78202062F1DD00903A5F /* Assets.xcassets in Resources */ = {isa = PBXBuildFile; fileRef = EFCD781F2062F1DD00903A5F /* Assets.xcassets */; };
		EFCD78232062F1DD00903A5F /* LaunchScreen.storyboard in Resources */ = {isa = PBXBuildFile; fileRef = EFCD78212062F1DD00903A5F /* LaunchScreen.storyboard */; };
		EFCD782B2062F80C00903A5F /* LoginViewController.swift in Sources */ = {isa = PBXBuildFile; fileRef = EFCD782A2062F80C00903A5F /* LoginViewController.swift */; };
/* End PBXBuildFile section */

/* Begin PBXFileReference section */
		7EEC703A207C859500DA4EA4 /* registerViewController.swift */ = {isa = PBXFileReference; lastKnownFileType = sourcecode.swift; path = registerViewController.swift; sourceTree = "<group>"; };
		7EEC707A207C957100DA4EA4 /* Model.xcdatamodel */ = {isa = PBXFileReference; lastKnownFileType = wrapper.xcdatamodel; path = Model.xcdatamodel; sourceTree = "<group>"; };
		813B85F5207C7C6E00FB8947 /* Config.swift */ = {isa = PBXFileReference; lastKnownFileType = sourcecode.swift; path = Config.swift; sourceTree = "<group>"; };
		EFCD78152062F1DD00903A5F /* Group11Alpha.app */ = {isa = PBXFileReference; explicitFileType = wrapper.application; includeInIndex = 0; path = Group11Alpha.app; sourceTree = BUILT_PRODUCTS_DIR; };
		EFCD78182062F1DD00903A5F /* AppDelegate.swift */ = {isa = PBXFileReference; lastKnownFileType = sourcecode.swift; path = AppDelegate.swift; sourceTree = "<group>"; };
		EFCD781A2062F1DD00903A5F /* ViewController.swift */ = {isa = PBXFileReference; lastKnownFileType = sourcecode.swift; path = ViewController.swift; sourceTree = "<group>"; };
		EFCD781D2062F1DD00903A5F /* Base */ = {isa = PBXFileReference; lastKnownFileType = file.storyboard; name = Base; path = Base.lproj/Main.storyboard; sourceTree = "<group>"; };
		EFCD781F2062F1DD00903A5F /* Assets.xcassets */ = {isa = PBXFileReference; lastKnownFileType = folder.assetcatalog; path = Assets.xcassets; sourceTree = "<group>"; };
		EFCD78222062F1DD00903A5F /* Base */ = {isa = PBXFileReference; lastKnownFileType = file.storyboard; name = Base; path = Base.lproj/LaunchScreen.storyboard; sourceTree = "<group>"; };
		EFCD78242062F1DD00903A5F /* Info.plist */ = {isa = PBXFileReference; lastKnownFileType = text.plist.xml; path = Info.plist; sourceTree = "<group>"; };
		EFCD782A2062F80C00903A5F /* LoginViewController.swift */ = {isa = PBXFileReference; lastKnownFileType = sourcecode.swift; path = LoginViewController.swift; sourceTree = "<group>"; };
/* End PBXFileReference section */

/* Begin PBXFrameworksBuildPhase section */
		EFCD78122062F1DD00903A5F /* Frameworks */ = {
			isa = PBXFrameworksBuildPhase;
			buildActionMask = 2147483647;
			files = (
			);
			runOnlyForDeploymentPostprocessing = 0;
		};
/* End PBXFrameworksBuildPhase section */

/* Begin PBXGroup section */
		EFCD780C2062F1DD00903A5F = {
			isa = PBXGroup;
			children = (
				EFCD78172062F1DD00903A5F /* Group11Alpha */,
				EFCD78162062F1DD00903A5F /* Products */,
			);
			sourceTree = "<group>";
		};
		EFCD78162062F1DD00903A5F /* Products */ = {
			isa = PBXGroup;
			children = (
				EFCD78152062F1DD00903A5F /* Group11Alpha.app */,
			);
			name = Products;
			sourceTree = "<group>";
		};
		EFCD78172062F1DD00903A5F /* Group11Alpha */ = {
			isa = PBXGroup;
			children = (
				EFCD78182062F1DD00903A5F /* AppDelegate.swift */,
				EFCD781A2062F1DD00903A5F /* ViewController.swift */,
				EFCD781C2062F1DD00903A5F /* Main.storyboard */,
				7EEC7079207C957100DA4EA4 /* Group11Alpha.xcdatamodeld */,
				7EEC703A207C859500DA4EA4 /* registerViewController.swift */,
				813B85F5207C7C6E00FB8947 /* Config.swift */,
				EFCD781F2062F1DD00903A5F /* Assets.xcassets */,
				EFCD78212062F1DD00903A5F /* LaunchScreen.storyboard */,
				EFCD78242062F1DD00903A5F /* Info.plist */,
				EFCD782A2062F80C00903A5F /* LoginViewController.swift */,
			);
			path = Group11Alpha;
			sourceTree = "<group>";
		};
/* End PBXGroup section */

/* Begin PBXNativeTarget section */
		EFCD78142062F1DD00903A5F /* Group11Alpha */ = {
			isa = PBXNativeTarget;
			buildConfigurationList = EFCD78272062F1DD00903A5F /* Build configuration list for PBXNativeTarget "Group11Alpha" */;
			buildPhases = (
				EFCD78112062F1DD00903A5F /* Sources */,
				EFCD78122062F1DD00903A5F /* Frameworks */,
				EFCD78132062F1DD00903A5F /* Resources */,
			);
			buildRules = (
			);
			dependencies = (
			);
			name = Group11Alpha;
			productName = Group11Alpha;
			productReference = EFCD78152062F1DD00903A5F /* Group11Alpha.app */;
			productType = "com.apple.product-type.application";
		};
/* End PBXNativeTarget section */

/* Begin PBXProject section */
		EFCD780D2062F1DD00903A5F /* Project object */ = {
			isa = PBXProject;
			attributes = {
				LastSwiftUpdateCheck = 0920;
				LastUpgradeCheck = 0920;
				ORGANIZATIONNAME = "Yeeun Choi";
				TargetAttributes = {
					EFCD78142062F1DD00903A5F = {
						CreatedOnToolsVersion = 9.2;
						ProvisioningStyle = Automatic;
					};
				};
			};
			buildConfigurationList = EFCD78102062F1DD00903A5F /* Build configuration list for PBXProject "Group11Alpha" */;
			compatibilityVersion = "Xcode 8.0";
			developmentRegion = en;
			hasScannedForEncodings = 0;
			knownRegions = (
				en,
				Base,
			);
			mainGroup = EFCD780C2062F1DD00903A5F;
			productRefGroup = EFCD78162062F1DD00903A5F /* Products */;
			projectDirPath = "";
			projectRoot = "";
			targets = (
				EFCD78142062F1DD00903A5F /* Group11Alpha */,
			);
		};
/* End PBXProject section */

/* Begin PBXResourcesBuildPhase section */
		EFCD78132062F1DD00903A5F /* Resources */ = {
			isa = PBXResourcesBuildPhase;
			buildActionMask = 2147483647;
			files = (
				EFCD78232062F1DD00903A5F /* LaunchScreen.storyboard in Resources */,
				EFCD78202062F1DD00903A5F /* Assets.xcassets in Resources */,
				EFCD781E2062F1DD00903A5F /* Main.storyboard in Resources */,
			);
			runOnlyForDeploymentPostprocessing = 0;
		};
/* End PBXResourcesBuildPhase section */

/* Begin PBXSourcesBuildPhase section */
		EFCD78112062F1DD00903A5F /* Sources */ = {
			isa = PBXSourcesBuildPhase;
			buildActionMask = 2147483647;
			files = (
				EFCD782B2062F80C00903A5F /* LoginViewController.swift in Sources */,
				EFCD781B2062F1DD00903A5F /* ViewController.swift in Sources */,
				813B85F6207C7C6E00FB8947 /* Config.swift in Sources */,
				7EEC703B207C859500DA4EA4 /* registerViewController.swift in Sources */,
				EFCD78192062F1DD00903A5F /* AppDelegate.swift in Sources */,
				7EEC707B207C957100DA4EA4 /* Group11Alpha.xcdatamodeld in Sources */,
			);
			runOnlyForDeploymentPostprocessing = 0;
		};
/* End PBXSourcesBuildPhase section */

/* Begin PBXVariantGroup section */
		EFCD781C2062F1DD00903A5F /* Main.storyboard */ = {
			isa = PBXVariantGroup;
			children = (
				EFCD781D2062F1DD00903A5F /* Base */,
			);
			name = Main.storyboard;
			sourceTree = "<group>";
		};
		EFCD78212062F1DD00903A5F /* LaunchScreen.storyboard */ = {
			isa = PBXVariantGroup;
			children = (
				EFCD78222062F1DD00903A5F /* Base */,
			);
			name = LaunchScreen.storyboard;
			sourceTree = "<group>";
		};
/* End PBXVariantGroup section */

/* Begin XCBuildConfiguration section */
		EFCD78252062F1DD00903A5F /* Debug */ = {
			isa = XCBuildConfiguration;
			buildSettings = {
				ALWAYS_SEARCH_USER_PATHS = NO;
				CLANG_ANALYZER_NONNULL = YES;
				CLANG_ANALYZER_NUMBER_OBJECT_CONVERSION = YES_AGGRESSIVE;
				CLANG_CXX_LANGUAGE_STANDARD = "gnu++14";
				CLANG_CXX_LIBRARY = "libc++";
				CLANG_ENABLE_MODULES = YES;
				CLANG_ENABLE_OBJC_ARC = YES;
				CLANG_WARN_BLOCK_CAPTURE_AUTORELEASING = YES;
				CLANG_WARN_BOOL_CONVERSION = YES;
				CLANG_WARN_COMMA = YES;
				CLANG_WARN_CONSTANT_CONVERSION = YES;
				CLANG_WARN_DIRECT_OBJC_ISA_USAGE = YES_ERROR;
				CLANG_WARN_DOCUMENTATION_COMMENTS = YES;
				CLANG_WARN_EMPTY_BODY = YES;
				CLANG_WARN_ENUM_CONVERSION = YES;
				CLANG_WARN_INFINITE_RECURSION = YES;
				CLANG_WARN_INT_CONVERSION = YES;
				CLANG_WARN_NON_LITERAL_NULL_CONVERSION = YES;
				CLANG_WARN_OBJC_LITERAL_CONVERSION = YES;
				CLANG_WARN_OBJC_ROOT_CLASS = YES_ERROR;
				CLANG_WARN_RANGE_LOOP_ANALYSIS = YES;
				CLANG_WARN_STRICT_PROTOTYPES = YES;
				CLANG_WARN_SUSPICIOUS_MOVE = YES;
				CLANG_WARN_UNGUARDED_AVAILABILITY = YES_AGGRESSIVE;
				CLANG_WARN_UNREACHABLE_CODE = YES;
				CLANG_WARN__DUPLICATE_METHOD_MATCH = YES;
				CODE_SIGN_IDENTITY = "iPhone Developer";
				COPY_PHASE_STRIP = NO;
				DEBUG_INFORMATION_FORMAT = dwarf;
				ENABLE_STRICT_OBJC_MSGSEND = YES;
				ENABLE_TESTABILITY = YES;
				GCC_C_LANGUAGE_STANDARD = gnu11;
				GCC_DYNAMIC_NO_PIC = NO;
				GCC_NO_COMMON_BLOCKS = YES;
				GCC_OPTIMIZATION_LEVEL = 0;
				GCC_PREPROCESSOR_DEFINITIONS = (
					"DEBUG=1",
					"$(inherited)",
				);
				GCC_WARN_64_TO_32_BIT_CONVERSION = YES;
				GCC_WARN_ABOUT_RETURN_TYPE = YES_ERROR;
				GCC_WARN_UNDECLARED_SELECTOR = YES;
				GCC_WARN_UNINITIALIZED_AUTOS = YES_AGGRESSIVE;
				GCC_WARN_UNUSED_FUNCTION = YES;
				GCC_WARN_UNUSED_VARIABLE = YES;
				IPHONEOS_DEPLOYMENT_TARGET = 11.2;
				MTL_ENABLE_DEBUG_INFO = YES;
				ONLY_ACTIVE_ARCH = YES;
				SDKROOT = iphoneos;
				SWIFT_ACTIVE_COMPILATION_CONDITIONS = DEBUG;
				SWIFT_OPTIMIZATION_LEVEL = "-Onone";
			};
			name = Debug;
		};
		EFCD78262062F1DD00903A5F /* Release */ = {
			isa = XCBuildConfiguration;
			buildSettings = {
				ALWAYS_SEARCH_USER_PATHS = NO;
				CLANG_ANALYZER_NONNULL = YES;
				CLANG_ANALYZER_NUMBER_OBJECT_CONVERSION = YES_AGGRESSIVE;
				CLANG_CXX_LANGUAGE_STANDARD = "gnu++14";
				CLANG_CXX_LIBRARY = "libc++";
				CLANG_ENABLE_MODULES = YES;
				CLANG_ENABLE_OBJC_ARC = YES;
				CLANG_WARN_BLOCK_CAPTURE_AUTORELEASING = YES;
				CLANG_WARN_BOOL_CONVERSION = YES;
				CLANG_WARN_COMMA = YES;
				CLANG_WARN_CONSTANT_CONVERSION = YES;
				CLANG_WARN_DIRECT_OBJC_ISA_USAGE = YES_ERROR;
				CLANG_WARN_DOCUMENTATION_COMMENTS = YES;
				CLANG_WARN_EMPTY_BODY = YES;
				CLANG_WARN_ENUM_CONVERSION = YES;
				CLANG_WARN_INFINITE_RECURSION = YES;
				CLANG_WARN_INT_CONVERSION = YES;
				CLANG_WARN_NON_LITERAL_NULL_CONVERSION = YES;
				CLANG_WARN_OBJC_LITERAL_CONVERSION = YES;
				CLANG_WARN_OBJC_ROOT_CLASS = YES_ERROR;
				CLANG_WARN_RANGE_LOOP_ANALYSIS = YES;
				CLANG_WARN_STRICT_PROTOTYPES = YES;
				CLANG_WARN_SUSPICIOUS_MOVE = YES;
				CLANG_WARN_UNGUARDED_AVAILABILITY = YES_AGGRESSIVE;
				CLANG_WARN_UNREACHABLE_CODE = YES;
				CLANG_WARN__DUPLICATE_METHOD_MATCH = YES;
				CODE_SIGN_IDENTITY = "iPhone Developer";
				COPY_PHASE_STRIP = NO;
				DEBUG_INFORMATION_FORMAT = "dwarf-with-dsym";
				ENABLE_NS_ASSERTIONS = NO;
				ENABLE_STRICT_OBJC_MSGSEND = YES;
				GCC_C_LANGUAGE_STANDARD = gnu11;
				GCC_NO_COMMON_BLOCKS = YES;
				GCC_WARN_64_TO_32_BIT_CONVERSION = YES;
				GCC_WARN_ABOUT_RETURN_TYPE = YES_ERROR;
				GCC_WARN_UNDECLARED_SELECTOR = YES;
				GCC_WARN_UNINITIALIZED_AUTOS = YES_AGGRESSIVE;
				GCC_WARN_UNUSED_FUNCTION = YES;
				GCC_WARN_UNUSED_VARIABLE = YES;
				IPHONEOS_DEPLOYMENT_TARGET = 11.2;
				MTL_ENABLE_DEBUG_INFO = NO;
				SDKROOT = iphoneos;
				SWIFT_OPTIMIZATION_LEVEL = "-Owholemodule";
				VALIDATE_PRODUCT = YES;
			};
			name = Release;
		};
		EFCD78282062F1DD00903A5F /* Debug */ = {
			isa = XCBuildConfiguration;
			buildSettings = {
				ASSETCATALOG_COMPILER_APPICON_NAME = AppIcon;
				CODE_SIGN_STYLE = Automatic;
				INFOPLIST_FILE = Group11Alpha/Info.plist;
				LD_RUNPATH_SEARCH_PATHS = "$(inherited) @executable_path/Frameworks";
				PRODUCT_BUNDLE_IDENTIFIER = com.cs329e.Group11Alpha;
				PRODUCT_NAME = "$(TARGET_NAME)";
				SWIFT_VERSION = 4.0;
				TARGETED_DEVICE_FAMILY = "1,2";
			};
			name = Debug;
		};
		EFCD78292062F1DD00903A5F /* Release */ = {
			isa = XCBuildConfiguration;
			buildSettings = {
				ASSETCATALOG_COMPILER_APPICON_NAME = AppIcon;
				CODE_SIGN_STYLE = Automatic;
				INFOPLIST_FILE = Group11Alpha/Info.plist;
				LD_RUNPATH_SEARCH_PATHS = "$(inherited) @executable_path/Frameworks";
				PRODUCT_BUNDLE_IDENTIFIER = com.cs329e.Group11Alpha;
				PRODUCT_NAME = "$(TARGET_NAME)";
				SWIFT_VERSION = 4.0;
				TARGETED_DEVICE_FAMILY = "1,2";
			};
			name = Release;
		};
/* End XCBuildConfiguration section */

/* Begin XCConfigurationList section */
		EFCD78102062F1DD00903A5F /* Build configuration list for PBXProject "Group11Alpha" */ = {
			isa = XCConfigurationList;
			buildConfigurations = (
				EFCD78252062F1DD00903A5F /* Debug */,
				EFCD78262062F1DD00903A5F /* Release */,
			);
			defaultConfigurationIsVisible = 0;
			defaultConfigurationName = Release;
		};
		EFCD78272062F1DD00903A5F /* Build configuration list for PBXNativeTarget "Group11Alpha" */ = {
			isa = XCConfigurationList;
			buildConfigurations = (
				EFCD78282062F1DD00903A5F /* Debug */,
				EFCD78292062F1DD00903A5F /* Release */,
			);
			defaultConfigurationIsVisible = 0;
			defaultConfigurationName = Release;
		};
/* End XCConfigurationList section */

/* Begin XCVersionGroup section */
		7EEC7079207C957100DA4EA4 /* Group11Alpha.xcdatamodeld */ = {
			isa = XCVersionGroup;
			children = (
				7EEC707A207C957100DA4EA4 /* Model.xcdatamodel */,
			);
			currentVersion = 7EEC707A207C957100DA4EA4 /* Model.xcdatamodel */;
			path = Group11Alpha.xcdatamodeld;
			sourceTree = "<group>";
			versionGroupType = wrapper.xcdatamodel;
		};
/* End XCVersionGroup section */
	};
	rootObject = EFCD780D2062F1DD00903A5F /* Project object */;
}
